
Microsoft Visual Studio Solution File, Format Version 12.00
# Visual Studio 2013
VisualStudioVersion = 12.0.31101.0
MinimumVisualStudioVersion = 10.0.40219.1
Project("{FAE04EC0-301F-11D3-BF4B-00C04F79EFBC}") = "Report.WebApp", "Report.WebApp\Report.WebApp.csproj", "{2C3EF8BC-1914-4F0A-9C3B-0B4FD2104C7D}"
EndProject
Project("{FAE04EC0-301F-11D3-BF4B-00C04F79EFBC}") = "Report.Data", "Report.Data\Report.Data.csproj", "{CEA20E74-3D5B-4E73-AF5F-5C1CB9B023D6}"
EndProject
Project("{FAE04EC0-301F-11D3-BF4B-00C04F79EFBC}") = "Report.Api.Common", "Report.Api.Common\Report.Api.Common.csproj", "{EEE7CD9F-D6B5-414F-A1ED-0809D65BAD9D}"
EndProject
Project("{FAE04EC0-301F-11D3-BF4B-00C04F79EFBC}") = "Report.Api", "Report.Api\Report.Api.csproj", "{621EA47B-A445-416B-B379-E87C92CAE854}"
EndProject
Project("{FAE04EC0-301F-11D3-BF4B-00C04F79EFBC}") = "Browser.WebApp", "Browser.WebApp\Browser.WebApp.csproj", "{47166A0D-7E35-43F2-950E-24B0DA50C5CE}"
EndProject
Project("{FAE04EC0-301F-11D3-BF4B-00C04F79EFBC}") = "Catalog", "Catalog\Catalog.csproj", "{0542DD30-75C8-446C-A3EE-92938D4E6128}"
EndProject
Global
	GlobalSection(SolutionConfigurationPlatforms) = preSolution
		Debug|Any CPU = Debug|Any CPU
		Release|Any CPU = Release|Any CPU
	EndGlobalSection
	GlobalSection(ProjectConfigurationPlatforms) = postSolution
		{2C3EF8BC-1914-4F0A-9C3B-0B4FD2104C7D}.Debug|Any CPU.ActiveCfg = Debug|Any CPU
		{2C3EF8BC-1914-4F0A-9C3B-0B4FD2104C7D}.Debug|Any CPU.Build.0 = Debug|Any CPU
		{2C3EF8BC-1914-4F0A-9C3B-0B4FD2104C7D}.Release|Any CPU.ActiveCfg = Release|Any CPU
		{2C3EF8BC-1914-4F0A-9C3B-0B4FD2104C7D}.Release|Any CPU.Build.0 = Release|Any CPU
		{CEA20E74-3D5B-4E73-AF5F-5C1CB9B023D6}.Debug|Any CPU.ActiveCfg = Debug|Any CPU
		{CEA20E74-3D5B-4E73-AF5F-5C1CB9B023D6}.Debug|Any CPU.Build.0 = Debug|Any CPU
		{CEA20E74-3D5B-4E73-AF5F-5C1CB9B023D6}.Release|Any CPU.ActiveCfg = Release|Any CPU
		{CEA20E74-3D5B-4E73-AF5F-5C1CB9B023D6}.Release|Any CPU.Build.0 = Release|Any CPU
		{EEE7CD9F-D6B5-414F-A1ED-0809D65BAD9D}.Debug|Any CPU.ActiveCfg = Debug|Any CPU
		{EEE7CD9F-D6B5-414F-A1ED-0809D65BAD9D}.Debug|Any CPU.Build.0 = Debug|Any CPU
		{EEE7CD9F-D6B5-414F-A1ED-0809D65BAD9D}.Release|Any CPU.ActiveCfg = Release|Any CPU
		{EEE7CD9F-D6B5-414F-A1ED-0809D65BAD9D}.Release|Any CPU.Build.0 = Release|Any CPU
		{621EA47B-A445-416B-B379-E87C92CAE854}.Debug|Any CPU.ActiveCfg = Debug|Any CPU
		{621EA47B-A445-416B-B379-E87C92CAE854}.Debug|Any CPU.Build.0 = Debug|Any CPU
		{621EA47B-A445-416B-B379-E87C92CAE854}.Release|Any CPU.ActiveCfg = Release|Any CPU
		{621EA47B-A445-416B-B379-E87C92CAE854}.Release|Any CPU.Build.0 = Release|Any CPU
		{47166A0D-7E35-43F2-950E-24B0DA50C5CE}.Debug|Any CPU.ActiveCfg = Debug|Any CPU
		{47166A0D-7E35-43F2-950E-24B0DA50C5CE}.Debug|Any CPU.Build.0 = Debug|Any CPU
		{47166A0D-7E35-43F2-950E-24B0DA50C5CE}.Release|Any CPU.ActiveCfg = Release|Any CPU
		{47166A0D-7E35-43F2-950E-24B0DA50C5CE}.Release|Any CPU.Build.0 = Release|Any CPU
		{0542DD30-75C8-446C-A3EE-92938D4E6128}.Debug|Any CPU.ActiveCfg = Debug|Any CPU
		{0542DD30-75C8-446C-A3EE-92938D4E6128}.Debug|Any CPU.Build.0 = Debug|Any CPU
		{0542DD30-75C8-446C-A3EE-92938D4E6128}.Release|Any CPU.ActiveCfg = Release|Any CPU
		{0542DD30-75C8-446C-A3EE-92938D4E6128}.Release|Any CPU.Build.0 = Release|Any CPU
	EndGlobalSection
	GlobalSection(SolutionProperties) = preSolution
		HideSolutionNode = FALSE
	EndGlobalSection
EndGlobal
